
Microsoft Visual Studio Solution File, Format Version 12.00
# Visual Studio Version 16
VisualStudioVersion = 16.0.31605.320
MinimumVisualStudioVersion = 10.0.40219.1
Project("{FAE04EC0-301F-11D3-BF4B-00C04F79EFBC}") = "timesAzureFunctionsdposada.Common", "timesAzureFunctionsdposada.Common\timesAzureFunctionsdposada.Common.csproj", "{49369BB6-EA5A-4444-AA52-5A849DF7E3F4}"
EndProject
Project("{FAE04EC0-301F-11D3-BF4B-00C04F79EFBC}") = "timesAzureFunctionsdposada.Functions", "timesAzureFunctionsdposada.Functions\timesAzureFunctionsdposada.Functions.csproj", "{83F04F68-D75B-45FE-AC9D-C6429391771A}"
EndProject
Project("{FAE04EC0-301F-11D3-BF4B-00C04F79EFBC}") = "timesAzureFunctionsdposada.Test", "timesAzureFunctionsdposada.Test\timesAzureFunctionsdposada.Test.csproj", "{1DEDC775-4968-4715-8255-D90A13602C18}"
EndProject
Global
	GlobalSection(SolutionConfigurationPlatforms) = preSolution
		Debug|Any CPU = Debug|Any CPU
		Release|Any CPU = Release|Any CPU
	EndGlobalSection
	GlobalSection(ProjectConfigurationPlatforms) = postSolution
		{49369BB6-EA5A-4444-AA52-5A849DF7E3F4}.Debug|Any CPU.ActiveCfg = Debug|Any CPU
		{49369BB6-EA5A-4444-AA52-5A849DF7E3F4}.Debug|Any CPU.Build.0 = Debug|Any CPU
		{49369BB6-EA5A-4444-AA52-5A849DF7E3F4}.Release|Any CPU.ActiveCfg = Release|Any CPU
		{49369BB6-EA5A-4444-AA52-5A849DF7E3F4}.Release|Any CPU.Build.0 = Release|Any CPU
		{83F04F68-D75B-45FE-AC9D-C6429391771A}.Debug|Any CPU.ActiveCfg = Debug|Any CPU
		{83F04F68-D75B-45FE-AC9D-C6429391771A}.Debug|Any CPU.Build.0 = Debug|Any CPU
		{83F04F68-D75B-45FE-AC9D-C6429391771A}.Release|Any CPU.ActiveCfg = Release|Any CPU
		{83F04F68-D75B-45FE-AC9D-C6429391771A}.Release|Any CPU.Build.0 = Release|Any CPU
		{1DEDC775-4968-4715-8255-D90A13602C18}.Debug|Any CPU.ActiveCfg = Debug|Any CPU
		{1DEDC775-4968-4715-8255-D90A13602C18}.Debug|Any CPU.Build.0 = Debug|Any CPU
		{1DEDC775-4968-4715-8255-D90A13602C18}.Release|Any CPU.ActiveCfg = Release|Any CPU
		{1DEDC775-4968-4715-8255-D90A13602C18}.Release|Any CPU.Build.0 = Release|Any CPU
	EndGlobalSection
	GlobalSection(SolutionProperties) = preSolution
		HideSolutionNode = FALSE
	EndGlobalSection
	GlobalSection(ExtensibilityGlobals) = postSolution
		SolutionGuid = {22F3C3AD-D429-4531-8808-64A99CDDA8C5}
	EndGlobalSection
EndGlobal
